
Microsoft Visual Studio Solution File, Format Version 12.00
# Visual Studio 15
VisualStudioVersion = 15.0.28307.329
MinimumVisualStudioVersion = 10.0.40219.1
Project("{FAE04EC0-301F-11D3-BF4B-00C04F79EFBC}") = "Problem 1", "Problem 1\Problem 1.csproj", "{61641471-3CCE-4686-B4C4-6B03BDA1BACB}"
EndProject
Project("{FAE04EC0-301F-11D3-BF4B-00C04F79EFBC}") = "Problem 2", "Problem 2\Problem 2.csproj", "{1886FC30-E7A1-46D5-B342-EA0182FF65CE}"
EndProject
Global
	GlobalSection(SolutionConfigurationPlatforms) = preSolution
		Debug|Any CPU = Debug|Any CPU
		Release|Any CPU = Release|Any CPU
	EndGlobalSection
	GlobalSection(ProjectConfigurationPlatforms) = postSolution
		{61641471-3CCE-4686-B4C4-6B03BDA1BACB}.Debug|Any CPU.ActiveCfg = Debug|Any CPU
		{61641471-3CCE-4686-B4C4-6B03BDA1BACB}.Debug|Any CPU.Build.0 = Debug|Any CPU
		{61641471-3CCE-4686-B4C4-6B03BDA1BACB}.Release|Any CPU.ActiveCfg = Release|Any CPU
		{61641471-3CCE-4686-B4C4-6B03BDA1BACB}.Release|Any CPU.Build.0 = Release|Any CPU
		{1886FC30-E7A1-46D5-B342-EA0182FF65CE}.Debug|Any CPU.ActiveCfg = Debug|Any CPU
		{1886FC30-E7A1-46D5-B342-EA0182FF65CE}.Debug|Any CPU.Build.0 = Debug|Any CPU
		{1886FC30-E7A1-46D5-B342-EA0182FF65CE}.Release|Any CPU.ActiveCfg = Release|Any CPU
		{1886FC30-E7A1-46D5-B342-EA0182FF65CE}.Release|Any CPU.Build.0 = Release|Any CPU
	EndGlobalSection
	GlobalSection(SolutionProperties) = preSolution
		HideSolutionNode = FALSE
	EndGlobalSection
	GlobalSection(ExtensibilityGlobals) = postSolution
		SolutionGuid = {B5DC60A9-BE2E-4AA3-B188-9A4EA49947D4}
	EndGlobalSection
EndGlobal
